
Microsoft Visual Studio Solution File, Format Version 12.00
# Visual Studio Version 16
VisualStudioVersion = 16.0.30907.101
MinimumVisualStudioVersion = 10.0.40219.1
Project("{FAE04EC0-301F-11D3-BF4B-00C04F79EFBC}") = "Optimade", "Optimade.csproj", "{67781816-AFF4-465D-8DED-B4682B32E5F6}"
EndProject
Global
	GlobalSection(SolutionConfigurationPlatforms) = preSolution
		Debug|Any CPU = Debug|Any CPU
		Debug|x64 = Debug|x64
		Release|Any CPU = Release|Any CPU
		Release|x64 = Release|x64
	EndGlobalSection
	GlobalSection(ProjectConfigurationPlatforms) = postSolution
		{67781816-AFF4-465D-8DED-B4682B32E5F6}.Debug|Any CPU.ActiveCfg = Debug|Any CPU
		{67781816-AFF4-465D-8DED-B4682B32E5F6}.Debug|Any CPU.Build.0 = Debug|Any CPU
		{67781816-AFF4-465D-8DED-B4682B32E5F6}.Debug|x64.ActiveCfg = Debug|x64
		{67781816-AFF4-465D-8DED-B4682B32E5F6}.Debug|x64.Build.0 = Debug|x64
		{67781816-AFF4-465D-8DED-B4682B32E5F6}.Release|Any CPU.ActiveCfg = Release|Any CPU
		{67781816-AFF4-465D-8DED-B4682B32E5F6}.Release|Any CPU.Build.0 = Release|Any CPU
		{67781816-AFF4-465D-8DED-B4682B32E5F6}.Release|x64.ActiveCfg = Release|x64
		{67781816-AFF4-465D-8DED-B4682B32E5F6}.Release|x64.Build.0 = Release|x64
	EndGlobalSection
	GlobalSection(SolutionProperties) = preSolution
		HideSolutionNode = FALSE
	EndGlobalSection
	GlobalSection(ExtensibilityGlobals) = postSolution
		SolutionGuid = {4E634D26-32B9-467D-99FE-254F8252AA2C}
	EndGlobalSection
EndGlobal
